#MicroXplorer Configuration settings - do not modify
CAD.formats=
CAD.pinconfig=
CAD.provider=
File.Version=6
GPIO.groupedBy=Show All
I2C1.IPParameters=Timing
I2C1.Timing=0x00402D41
KeepUserPlacement=false
Mcu.CPN=STM32C071FBP6
Mcu.Family=STM32C0
Mcu.IP0=CORTEX_M0+
Mcu.IP1=DEBUG
Mcu.IP2=I2C1
Mcu.IP3=NVIC
Mcu.IP4=RCC
Mcu.IP5=SYS
Mcu.IPNb=6
Mcu.Name=STM32C071FBPx
Mcu.Package=TSSOP20_GP
Mcu.Pin0=PB7
Mcu.Pin1=PB8
Mcu.Pin2=PC14-OSCX_IN(PC14)
Mcu.Pin3=PA3
Mcu.Pin4=PA13
Mcu.Pin5=PA14-BOOT0
Mcu.Pin6=VP_SYS_VS_tim1
Mcu.Pin7=VP_STMicroelectronics.X-CUBE-FREERTOS_VS_CMSISJjRTOS2_11.2.0_1.4.0
Mcu.PinsNb=8
Mcu.ThirdParty0=STMicroelectronics.X-CUBE-FREERTOS.1.4.0
Mcu.ThirdPartyNb=1
Mcu.UserConstants=
Mcu.UserName=STM32C071FBPx
MxCube.Version=6.16.0
MxDb.Version=DB.6.0.160
NVIC.ForceEnableDMAVector=true
NVIC.HardFault_IRQn=true\:0\:0\:false\:false\:true\:false\:false\:false\:false
NVIC.NonMaskableInt_IRQn=true\:0\:0\:false\:false\:true\:false\:false\:false\:false
NVIC.PendSV_IRQn=true\:3\:0\:false\:false\:false\:true\:false\:false\:false
NVIC.SVCall_IRQn=true\:0\:0\:false\:false\:false\:false\:false\:false\:false
NVIC.SavedPendsvIrqHandlerGenerated=true
NVIC.SavedSvcallIrqHandlerGenerated=true
NVIC.SavedSystickIrqHandlerGenerated=true
NVIC.SysTick_IRQn=true\:3\:0\:false\:false\:false\:true\:false\:true\:false
NVIC.TIM1_BRK_UP_TRG_COM_IRQn=true\:3\:0\:false\:false\:true\:false\:false\:true\:true
NVIC.TimeBase=TIM1_BRK_UP_TRG_COM_IRQn
NVIC.TimeBaseIP=TIM1
PA13.Mode=Serial_Wire
PA13.Signal=DEBUG_SWDIO
PA14-BOOT0.Mode=Serial_Wire
PA14-BOOT0.Signal=DEBUG_SWCLK
PA14-BOOT0__PA15.StandardMode=true
PA3.GPIOParameters=GPIO_Label
PA3.GPIO_Label=RED_LED
PA3.Locked=true
PA3.Signal=GPIO_Output
PB3__PB4__PB5__PB6.StandardMode=true
PB7.GPIOParameters=GPIO_Pu
PB7.GPIO_Pu=GPIO_PULLUP
PB7.Locked=true
PB7.Mode=I2C
PB7.Signal=I2C1_SCL
PB7__PB8.StandardMode=true
PB8.Locked=true
PC14-OSCX_IN(PC14).GPIOParameters=GPIO_Pu
PC14-OSCX_IN(PC14).GPIO_Pu=GPIO_PULLUP
PC14-OSCX_IN(PC14).Locked=true
PC14-OSCX_IN(PC14).Mode=I2C
PC14-OSCX_IN(PC14).Signal=I2C1_SDA
PCC.Checker=false
PCC.Line=STM32C0x1
PCC.MCU=STM32C071FBPx
PCC.PartNumber=STM32C071FBPx
PCC.Series=STM32C0
PCC.Temperature=25
PCC.Vdd=3.0
PinOutPanel.RotationAngle=0
ProjectManager.AskForMigrate=true
ProjectManager.BackupPrevious=false
ProjectManager.CompilerLinker=GCC
ProjectManager.CompilerOptimize=6
ProjectManager.ComputerToolchain=false
ProjectManager.CoupleFile=true
ProjectManager.CustomerFirmwarePackage=
ProjectManager.DefaultFWLocation=true
ProjectManager.DeletePrevious=true
ProjectManager.DeviceId=STM32C071FBPx
ProjectManager.FirmwarePackage=STM32Cube FW_C0 V1.4.0
ProjectManager.FreePins=false
ProjectManager.FreePinsContext=
ProjectManager.HalAssertFull=false
ProjectManager.HeapSize=0x200
ProjectManager.KeepUserCode=true
ProjectManager.LastFirmware=true
ProjectManager.LibraryCopy=1
ProjectManager.MainLocation=Core/Src
ProjectManager.NoMain=false
ProjectManager.PreviousToolchain=STM32CubeIDE
ProjectManager.ProjectBuild=false
ProjectManager.ProjectFileName=SANDBOX_STM32C071.ioc
ProjectManager.ProjectName=SANDBOX_STM32C071
ProjectManager.ProjectStructure=
ProjectManager.RegisterCallBack=
ProjectManager.StackSize=0x400
ProjectManager.TargetToolchain=STM32CubeIDE
ProjectManager.ToolChainLocation=
ProjectManager.UAScriptAfterPath=
ProjectManager.UAScriptBeforePath=
ProjectManager.UnderRoot=true
ProjectManager.functionlistsort=1-SystemClock_Config-RCC-false-HAL-false,2-MX_GPIO_Init-GPIO-false-HAL-true,0-MX_CORTEX_M0+_Init-CORTEX_M0+-false-HAL-true
RCC.ADCFreq_Value=12000000
RCC.AHBFreq_Value=12000000
RCC.APBFreq_Value=12000000
RCC.APBTimFreq_Value=12000000
RCC.CortexFreq_Value=12000000
RCC.EXTERNAL_CLOCK_VALUE=12288000
RCC.FCLKCortexFreq_Value=12000000
RCC.FamilyName=M
RCC.HCLKFreq_Value=12000000
RCC.HSE_VALUE=8000000
RCC.HSI48_VALUE=48000000
RCC.HSI_VALUE=48000000
RCC.I2C1Freq_Value=12000000
RCC.I2S1Freq_Value=12000000
RCC.IPParameters=ADCFreq_Value,AHBFreq_Value,APBFreq_Value,APBTimFreq_Value,CortexFreq_Value,EXTERNAL_CLOCK_VALUE,FCLKCortexFreq_Value,FamilyName,HCLKFreq_Value,HSE_VALUE,HSI48_VALUE,HSI_VALUE,I2C1Freq_Value,I2S1Freq_Value,LSCOPinFreq_Value,LSE_VALUE,LSI_VALUE,MCO1PinFreq_Value,MCO2PinFreq_Value,PWRFreq_Value,SYSCLKFreq_VALUE,USART1Freq_Value
RCC.LSCOPinFreq_Value=32000
RCC.LSE_VALUE=32768
RCC.LSI_VALUE=32000
RCC.MCO1PinFreq_Value=12000000
RCC.MCO2PinFreq_Value=12000000
RCC.PWRFreq_Value=12000000
RCC.SYSCLKFreq_VALUE=12000000
RCC.USART1Freq_Value=12000000
STMicroelectronics.X-CUBE-FREERTOS.1.4.0.CMSISJjRTOS2_Checked=true
STMicroelectronics.X-CUBE-FREERTOS.1.4.0.IPParameters=RTOS2CcCMSISJjRTOS2JjCore,RTOS2CcCMSISJjRTOS2JjHeap
STMicroelectronics.X-CUBE-FREERTOS.1.4.0.RTOS2CcCMSISJjRTOS2JjCore=TZIiNonIiSupported
STMicroelectronics.X-CUBE-FREERTOS.1.4.0.RTOS2CcCMSISJjRTOS2JjHeap=HeapIi1
STMicroelectronics.X-CUBE-FREERTOS.1.4.0_SwParameter=RTOS2CcCMSISJjRTOS2JjHeap\:HeapIi1;RTOS2CcCMSISJjRTOS2JjCore\:TZIiNonIiSupported;
VP_STMicroelectronics.X-CUBE-FREERTOS_VS_CMSISJjRTOS2_11.2.0_1.4.0.Mode=CMSISJjRTOS2
VP_STMicroelectronics.X-CUBE-FREERTOS_VS_CMSISJjRTOS2_11.2.0_1.4.0.Signal=STMicroelectronics.X-CUBE-FREERTOS_VS_CMSISJjRTOS2_11.2.0_1.4.0
VP_SYS_VS_tim1.Mode=TIM1
VP_SYS_VS_tim1.Signal=SYS_VS_tim1
board=custom
rtos.0.ip=STMicroelectronics.X-CUBE-FREERTOS.1.4.0
rtos.0.tasks.0=allocationType,Dynamic;bufferName,NULL;codeGen,Default;controlBlockName,NULL;entry,StartDefaultTask;name,defaultTask;parameter,NULL;priority,osPriorityNormal;stackSize,128
rtos.0.tasks.1=allocationType,Dynamic;bufferName,NULL;codeGen,Default;controlBlockName,NULL;entry,StartHeartbeatTask;name,HeartbeatTask;parameter,NULL;priority,osPriorityNormal;stackSize,128
rtos.0.tasks.2=allocationType,Dynamic;bufferName,NULL;codeGen,Default;controlBlockName,NULL;entry,StartComTask;name,ComTask;parameter,NULL;priority,osPriorityNormal;stackSize,128
rtos.0.tasks.3=allocationType,Dynamic;bufferName,NULL;codeGen,Default;controlBlockName,NULL;entry,StartDisplayTask;name,DisplayTask;parameter,NULL;priority,osPriorityLow;stackSize,1024
